
Microsoft Visual Studio Solution File, Format Version 12.00
# Visual Studio Version 17
VisualStudioVersion = 17.4.33213.308
MinimumVisualStudioVersion = 10.0.40219.1
Project("{FAE04EC0-301F-11D3-BF4B-00C04F79EFBC}") = "proyectoFinal", "proyectoFinal.csproj", "{E22B1FA2-619D-4ADC-86E2-B8E1967D1781}"
EndProject
Global
	GlobalSection(SolutionConfigurationPlatforms) = preSolution
		Debug|Any CPU = Debug|Any CPU
		Release|Any CPU = Release|Any CPU
	EndGlobalSection
	GlobalSection(ProjectConfigurationPlatforms) = postSolution
		{E22B1FA2-619D-4ADC-86E2-B8E1967D1781}.Debug|Any CPU.ActiveCfg = Debug|Any CPU
		{E22B1FA2-619D-4ADC-86E2-B8E1967D1781}.Debug|Any CPU.Build.0 = Debug|Any CPU
		{E22B1FA2-619D-4ADC-86E2-B8E1967D1781}.Release|Any CPU.ActiveCfg = Release|Any CPU
		{E22B1FA2-619D-4ADC-86E2-B8E1967D1781}.Release|Any CPU.Build.0 = Release|Any CPU
	EndGlobalSection
	GlobalSection(SolutionProperties) = preSolution
		HideSolutionNode = FALSE
	EndGlobalSection
	GlobalSection(ExtensibilityGlobals) = postSolution
		SolutionGuid = {F94592A6-FE85-4767-BAA7-3C08289C05E4}
	EndGlobalSection
EndGlobal
